
Microsoft Visual Studio Solution File, Format Version 12.00
# Visual Studio Version 17
VisualStudioVersion = 17.7.34221.43
MinimumVisualStudioVersion = 10.0.40219.1
Project("{9A19103F-16F7-4668-BE54-9A1E7A4F7556}") = "WebAPITutorial", "WebAPITutorial\WebAPITutorial.csproj", "{0500E1F0-DD78-4CEF-8B06-A320E9864E24}"
EndProject
Project("{FAE04EC0-301F-11D3-BF4B-00C04F79EFBC}") = "BlazorTutorial", "BlazorTutorial\BlazorTutorial.csproj", "{4D65D048-84EA-4E24-9030-7F52052FE9AA}"
EndProject
Global
	GlobalSection(SolutionConfigurationPlatforms) = preSolution
		Debug|Any CPU = Debug|Any CPU
		Release|Any CPU = Release|Any CPU
	EndGlobalSection
	GlobalSection(ProjectConfigurationPlatforms) = postSolution
		{0500E1F0-DD78-4CEF-8B06-A320E9864E24}.Debug|Any CPU.ActiveCfg = Debug|Any CPU
		{0500E1F0-DD78-4CEF-8B06-A320E9864E24}.Debug|Any CPU.Build.0 = Debug|Any CPU
		{0500E1F0-DD78-4CEF-8B06-A320E9864E24}.Release|Any CPU.ActiveCfg = Release|Any CPU
		{0500E1F0-DD78-4CEF-8B06-A320E9864E24}.Release|Any CPU.Build.0 = Release|Any CPU
		{4D65D048-84EA-4E24-9030-7F52052FE9AA}.Debug|Any CPU.ActiveCfg = Debug|Any CPU
		{4D65D048-84EA-4E24-9030-7F52052FE9AA}.Debug|Any CPU.Build.0 = Debug|Any CPU
		{4D65D048-84EA-4E24-9030-7F52052FE9AA}.Release|Any CPU.ActiveCfg = Release|Any CPU
		{4D65D048-84EA-4E24-9030-7F52052FE9AA}.Release|Any CPU.Build.0 = Release|Any CPU
	EndGlobalSection
	GlobalSection(SolutionProperties) = preSolution
		HideSolutionNode = FALSE
	EndGlobalSection
	GlobalSection(ExtensibilityGlobals) = postSolution
		SolutionGuid = {F883F724-509C-43AE-96BA-D71CAEB841A1}
	EndGlobalSection
EndGlobal
